
Microsoft Visual Studio Solution File, Format Version 12.00
# Visual Studio Version 16
VisualStudioVersion = 16.0.31829.152
MinimumVisualStudioVersion = 10.0.40219.1
Project("{FAE04EC0-301F-11D3-BF4B-00C04F79EFBC}") = "QuanLyDatVeXemPhim", "QuanLyDatVeXemPhim\QuanLyDatVeXemPhim.csproj", "{BBD0D92A-A32A-4BF9-A217-516E874E222A}"
EndProject
Global
	GlobalSection(SolutionConfigurationPlatforms) = preSolution
		Debug|Any CPU = Debug|Any CPU
		Release|Any CPU = Release|Any CPU
	EndGlobalSection
	GlobalSection(ProjectConfigurationPlatforms) = postSolution
		{BBD0D92A-A32A-4BF9-A217-516E874E222A}.Debug|Any CPU.ActiveCfg = Debug|Any CPU
		{BBD0D92A-A32A-4BF9-A217-516E874E222A}.Debug|Any CPU.Build.0 = Debug|Any CPU
		{BBD0D92A-A32A-4BF9-A217-516E874E222A}.Release|Any CPU.ActiveCfg = Release|Any CPU
		{BBD0D92A-A32A-4BF9-A217-516E874E222A}.Release|Any CPU.Build.0 = Release|Any CPU
	EndGlobalSection
	GlobalSection(SolutionProperties) = preSolution
		HideSolutionNode = FALSE
	EndGlobalSection
	GlobalSection(ExtensibilityGlobals) = postSolution
		SolutionGuid = {FEA93BAB-EBDF-447D-8BD0-FECE83DF5881}
	EndGlobalSection
EndGlobal
